
Microsoft Visual Studio Solution File, Format Version 12.00
# Visual Studio 15
VisualStudioVersion = 15.0.26730.16
MinimumVisualStudioVersion = 10.0.40219.1
Project("{2150E333-8FDC-42A3-9474-1A3956D46DE8}") = "Chapter2", "Chapter2", "{9ACEEB61-759A-4A61-986C-C1CDEAE9D635}"
EndProject
Project("{FAE04EC0-301F-11D3-BF4B-00C04F79EFBC}") = "InsertionSort", "InsertionSort\InsertionSort.csproj", "{726EE3D0-ECB0-415E-B2B2-41A80C6FFA85}"
EndProject
Project("{FAE04EC0-301F-11D3-BF4B-00C04F79EFBC}") = "SelectionSort", "SelectionSort\SelectionSort.csproj", "{2EBF7FC7-049B-40E8-A7DB-559BAB886F04}"
EndProject
Project("{FAE04EC0-301F-11D3-BF4B-00C04F79EFBC}") = "MergeSort", "MergeSort\MergeSort.csproj", "{4D41EAE2-3A0A-49E6-A44C-E8347F8638B4}"
EndProject
Project("{FAE04EC0-301F-11D3-BF4B-00C04F79EFBC}") = "Searching", "Searching\Searching.csproj", "{D2380365-D9DC-46B2-8D3C-08F9F45566C5}"
EndProject
Project("{2150E333-8FDC-42A3-9474-1A3956D46DE8}") = "Chapter3", "Chapter3", "{8ABCC70A-C03D-4E12-9799-AA060F2C0F36}"
EndProject
Project("{FAE04EC0-301F-11D3-BF4B-00C04F79EFBC}") = "MaxSubArray", "MaxSubArray\MaxSubArray.csproj", "{749B5B50-885D-4FD2-BDEC-753ACB70C5FE}"
EndProject
Project("{FAE04EC0-301F-11D3-BF4B-00C04F79EFBC}") = "Matrices", "Matrices\Matrices.csproj", "{79CD06F7-8305-4FB5-95EB-C9D14A3975F2}"
EndProject
Project("{2150E333-8FDC-42A3-9474-1A3956D46DE8}") = "Chapter6", "Chapter6", "{5CE3E9A8-1850-4076-B9FA-89B504C2451A}"
EndProject
Project("{FAE04EC0-301F-11D3-BF4B-00C04F79EFBC}") = "HeapAndHeapSort", "HeapAndHeapSort\HeapAndHeapSort.csproj", "{839FEB6F-A48C-4581-BA48-6A60F99BBE05}"
EndProject
Project("{FAE04EC0-301F-11D3-BF4B-00C04F79EFBC}") = "QuickSorting", "QuickSorting\QuickSorting.csproj", "{B6E6A144-0C30-46CC-8F7A-063AAE659623}"
EndProject
Global
	GlobalSection(SolutionConfigurationPlatforms) = preSolution
		Debug|Any CPU = Debug|Any CPU
		Release|Any CPU = Release|Any CPU
	EndGlobalSection
	GlobalSection(ProjectConfigurationPlatforms) = postSolution
		{726EE3D0-ECB0-415E-B2B2-41A80C6FFA85}.Debug|Any CPU.ActiveCfg = Debug|Any CPU
		{726EE3D0-ECB0-415E-B2B2-41A80C6FFA85}.Debug|Any CPU.Build.0 = Debug|Any CPU
		{726EE3D0-ECB0-415E-B2B2-41A80C6FFA85}.Release|Any CPU.ActiveCfg = Release|Any CPU
		{726EE3D0-ECB0-415E-B2B2-41A80C6FFA85}.Release|Any CPU.Build.0 = Release|Any CPU
		{2EBF7FC7-049B-40E8-A7DB-559BAB886F04}.Debug|Any CPU.ActiveCfg = Debug|Any CPU
		{2EBF7FC7-049B-40E8-A7DB-559BAB886F04}.Debug|Any CPU.Build.0 = Debug|Any CPU
		{2EBF7FC7-049B-40E8-A7DB-559BAB886F04}.Release|Any CPU.ActiveCfg = Release|Any CPU
		{2EBF7FC7-049B-40E8-A7DB-559BAB886F04}.Release|Any CPU.Build.0 = Release|Any CPU
		{4D41EAE2-3A0A-49E6-A44C-E8347F8638B4}.Debug|Any CPU.ActiveCfg = Debug|Any CPU
		{4D41EAE2-3A0A-49E6-A44C-E8347F8638B4}.Debug|Any CPU.Build.0 = Debug|Any CPU
		{4D41EAE2-3A0A-49E6-A44C-E8347F8638B4}.Release|Any CPU.ActiveCfg = Release|Any CPU
		{4D41EAE2-3A0A-49E6-A44C-E8347F8638B4}.Release|Any CPU.Build.0 = Release|Any CPU
		{D2380365-D9DC-46B2-8D3C-08F9F45566C5}.Debug|Any CPU.ActiveCfg = Debug|Any CPU
		{D2380365-D9DC-46B2-8D3C-08F9F45566C5}.Debug|Any CPU.Build.0 = Debug|Any CPU
		{D2380365-D9DC-46B2-8D3C-08F9F45566C5}.Release|Any CPU.ActiveCfg = Release|Any CPU
		{D2380365-D9DC-46B2-8D3C-08F9F45566C5}.Release|Any CPU.Build.0 = Release|Any CPU
		{749B5B50-885D-4FD2-BDEC-753ACB70C5FE}.Debug|Any CPU.ActiveCfg = Debug|Any CPU
		{749B5B50-885D-4FD2-BDEC-753ACB70C5FE}.Debug|Any CPU.Build.0 = Debug|Any CPU
		{749B5B50-885D-4FD2-BDEC-753ACB70C5FE}.Release|Any CPU.ActiveCfg = Release|Any CPU
		{749B5B50-885D-4FD2-BDEC-753ACB70C5FE}.Release|Any CPU.Build.0 = Release|Any CPU
		{79CD06F7-8305-4FB5-95EB-C9D14A3975F2}.Debug|Any CPU.ActiveCfg = Debug|Any CPU
		{79CD06F7-8305-4FB5-95EB-C9D14A3975F2}.Debug|Any CPU.Build.0 = Debug|Any CPU
		{79CD06F7-8305-4FB5-95EB-C9D14A3975F2}.Release|Any CPU.ActiveCfg = Release|Any CPU
		{79CD06F7-8305-4FB5-95EB-C9D14A3975F2}.Release|Any CPU.Build.0 = Release|Any CPU
		{839FEB6F-A48C-4581-BA48-6A60F99BBE05}.Debug|Any CPU.ActiveCfg = Debug|Any CPU
		{839FEB6F-A48C-4581-BA48-6A60F99BBE05}.Debug|Any CPU.Build.0 = Debug|Any CPU
		{839FEB6F-A48C-4581-BA48-6A60F99BBE05}.Release|Any CPU.ActiveCfg = Release|Any CPU
		{839FEB6F-A48C-4581-BA48-6A60F99BBE05}.Release|Any CPU.Build.0 = Release|Any CPU
		{B6E6A144-0C30-46CC-8F7A-063AAE659623}.Debug|Any CPU.ActiveCfg = Debug|Any CPU
		{B6E6A144-0C30-46CC-8F7A-063AAE659623}.Debug|Any CPU.Build.0 = Debug|Any CPU
		{B6E6A144-0C30-46CC-8F7A-063AAE659623}.Release|Any CPU.ActiveCfg = Release|Any CPU
		{B6E6A144-0C30-46CC-8F7A-063AAE659623}.Release|Any CPU.Build.0 = Release|Any CPU
	EndGlobalSection
	GlobalSection(SolutionProperties) = preSolution
		HideSolutionNode = FALSE
	EndGlobalSection
	GlobalSection(NestedProjects) = preSolution
		{726EE3D0-ECB0-415E-B2B2-41A80C6FFA85} = {9ACEEB61-759A-4A61-986C-C1CDEAE9D635}
		{2EBF7FC7-049B-40E8-A7DB-559BAB886F04} = {9ACEEB61-759A-4A61-986C-C1CDEAE9D635}
		{4D41EAE2-3A0A-49E6-A44C-E8347F8638B4} = {9ACEEB61-759A-4A61-986C-C1CDEAE9D635}
		{D2380365-D9DC-46B2-8D3C-08F9F45566C5} = {9ACEEB61-759A-4A61-986C-C1CDEAE9D635}
		{749B5B50-885D-4FD2-BDEC-753ACB70C5FE} = {8ABCC70A-C03D-4E12-9799-AA060F2C0F36}
		{79CD06F7-8305-4FB5-95EB-C9D14A3975F2} = {8ABCC70A-C03D-4E12-9799-AA060F2C0F36}
		{839FEB6F-A48C-4581-BA48-6A60F99BBE05} = {5CE3E9A8-1850-4076-B9FA-89B504C2451A}
		{B6E6A144-0C30-46CC-8F7A-063AAE659623} = {5CE3E9A8-1850-4076-B9FA-89B504C2451A}
	EndGlobalSection
	GlobalSection(ExtensibilityGlobals) = postSolution
		SolutionGuid = {EE60EC45-0E7B-47CA-851C-D051E7A69F07}
	EndGlobalSection
EndGlobal
